
Microsoft Visual Studio Solution File, Format Version 12.00
# Visual Studio Version 17
VisualStudioVersion = 17.0.32014.148
MinimumVisualStudioVersion = 10.0.40219.1
Project("{FAE04EC0-301F-11D3-BF4B-00C04F79EFBC}") = "GuidHelper", "GuidHelper\GuidHelper.csproj", "{DE73020B-4112-46B9-B89E-E01FF63C1CB4}"
EndProject
Global
	GlobalSection(SolutionConfigurationPlatforms) = preSolution
		Debug|Any CPU = Debug|Any CPU
		Release|Any CPU = Release|Any CPU
	EndGlobalSection
	GlobalSection(ProjectConfigurationPlatforms) = postSolution
		{DE73020B-4112-46B9-B89E-E01FF63C1CB4}.Debug|Any CPU.ActiveCfg = Debug|Any CPU
		{DE73020B-4112-46B9-B89E-E01FF63C1CB4}.Debug|Any CPU.Build.0 = Debug|Any CPU
		{DE73020B-4112-46B9-B89E-E01FF63C1CB4}.Release|Any CPU.ActiveCfg = Release|Any CPU
		{DE73020B-4112-46B9-B89E-E01FF63C1CB4}.Release|Any CPU.Build.0 = Release|Any CPU
	EndGlobalSection
	GlobalSection(SolutionProperties) = preSolution
		HideSolutionNode = FALSE
	EndGlobalSection
	GlobalSection(ExtensibilityGlobals) = postSolution
		SolutionGuid = {D3489542-421A-4F7E-91D1-9CB9AD3F32FC}
	EndGlobalSection
EndGlobal
